
Microsoft Visual Studio Solution File, Format Version 12.00
# Visual Studio Version 17
VisualStudioVersion = 17.5.33516.290
MinimumVisualStudioVersion = 10.0.40219.1
Project("{FAE04EC0-301F-11D3-BF4B-00C04F79EFBC}") = "CodeToCloud", "CodeToCloud.csproj", "{A31CA50B-17DC-4332-B186-3AB6A66AD252}"
EndProject
Global
	GlobalSection(SolutionConfigurationPlatforms) = preSolution
		Debug|Any CPU = Debug|Any CPU
		Release|Any CPU = Release|Any CPU
	EndGlobalSection
	GlobalSection(ProjectConfigurationPlatforms) = postSolution
		{A31CA50B-17DC-4332-B186-3AB6A66AD252}.Debug|Any CPU.ActiveCfg = Debug|Any CPU
		{A31CA50B-17DC-4332-B186-3AB6A66AD252}.Debug|Any CPU.Build.0 = Debug|Any CPU
		{A31CA50B-17DC-4332-B186-3AB6A66AD252}.Release|Any CPU.ActiveCfg = Release|Any CPU
		{A31CA50B-17DC-4332-B186-3AB6A66AD252}.Release|Any CPU.Build.0 = Release|Any CPU
	EndGlobalSection
	GlobalSection(SolutionProperties) = preSolution
		HideSolutionNode = FALSE
	EndGlobalSection
	GlobalSection(ExtensibilityGlobals) = postSolution
		SolutionGuid = {7FB22BF3-707E-4A16-B04E-2EE278E5800E}
	EndGlobalSection
EndGlobal
